
Microsoft Visual Studio Solution File, Format Version 11.00
# Visual Studio 2010
Project("{FAE04EC0-301F-11D3-BF4B-00C04F79EFBC}") = "FakeThat", "FakeThat\FakeThat.csproj", "{BF33E163-57A5-4162-867F-6A25BC933D12}"
EndProject
Project("{FAE04EC0-301F-11D3-BF4B-00C04F79EFBC}") = "FakeThat.Test", "FakeThat.Test\FakeThat.Test.csproj", "{DB7276AC-40F4-4F3F-98C6-73F2F86C435E}"
EndProject
Project("{2150E333-8FDC-42A3-9474-1A3956D46DE8}") = "Solution Items", "Solution Items", "{103A4E7C-895B-4AFD-BB89-5095E2D21B3A}"
	ProjectSection(SolutionItems) = preProject
		make-release.ps1 = make-release.ps1
		README.md = README.md
		TODO.md = TODO.md
	EndProjectSection
EndProject
Global
	GlobalSection(SolutionConfigurationPlatforms) = preSolution
		Debug|Any CPU = Debug|Any CPU
		Release|Any CPU = Release|Any CPU
	EndGlobalSection
	GlobalSection(ProjectConfigurationPlatforms) = postSolution
		{BF33E163-57A5-4162-867F-6A25BC933D12}.Debug|Any CPU.ActiveCfg = Debug|Any CPU
		{BF33E163-57A5-4162-867F-6A25BC933D12}.Debug|Any CPU.Build.0 = Debug|Any CPU
		{BF33E163-57A5-4162-867F-6A25BC933D12}.Release|Any CPU.ActiveCfg = Release|Any CPU
		{BF33E163-57A5-4162-867F-6A25BC933D12}.Release|Any CPU.Build.0 = Release|Any CPU
		{DB7276AC-40F4-4F3F-98C6-73F2F86C435E}.Debug|Any CPU.ActiveCfg = Debug|Any CPU
		{DB7276AC-40F4-4F3F-98C6-73F2F86C435E}.Debug|Any CPU.Build.0 = Debug|Any CPU
		{DB7276AC-40F4-4F3F-98C6-73F2F86C435E}.Release|Any CPU.ActiveCfg = Release|Any CPU
		{DB7276AC-40F4-4F3F-98C6-73F2F86C435E}.Release|Any CPU.Build.0 = Release|Any CPU
	EndGlobalSection
	GlobalSection(SolutionProperties) = preSolution
		HideSolutionNode = FALSE
	EndGlobalSection
EndGlobal
